
Microsoft Visual Studio Solution File, Format Version 12.00
# Visual Studio 14
VisualStudioVersion = 14.0.25420.1
MinimumVisualStudioVersion = 10.0.40219.1
Project("{FAE04EC0-301F-11D3-BF4B-00C04F79EFBC}") = "NKatmanliMimari", "NKatmanliMimari\NKatmanliMimari.csproj", "{7294B756-DC95-44CF-B9FA-521114F72D17}"
EndProject
Project("{FAE04EC0-301F-11D3-BF4B-00C04F79EFBC}") = "EntityLayer", "EntityLayer\EntityLayer.csproj", "{86A2A980-4FE3-4A44-8F58-8D24DDB4A6E5}"
EndProject
Project("{FAE04EC0-301F-11D3-BF4B-00C04F79EFBC}") = "DataAccessLayer", "DataAccessLayer\DataAccessLayer.csproj", "{F3492D97-B4D7-434B-AC2E-FDF08D1DE375}"
EndProject
Project("{FAE04EC0-301F-11D3-BF4B-00C04F79EFBC}") = "LogicLayer", "LogicLayer\LogicLayer.csproj", "{1397865F-576B-4AEC-BB08-0FAAF0AE8279}"
EndProject
Global
	GlobalSection(SolutionConfigurationPlatforms) = preSolution
		Debug|Any CPU = Debug|Any CPU
		Release|Any CPU = Release|Any CPU
	EndGlobalSection
	GlobalSection(ProjectConfigurationPlatforms) = postSolution
		{7294B756-DC95-44CF-B9FA-521114F72D17}.Debug|Any CPU.ActiveCfg = Debug|Any CPU
		{7294B756-DC95-44CF-B9FA-521114F72D17}.Debug|Any CPU.Build.0 = Debug|Any CPU
		{7294B756-DC95-44CF-B9FA-521114F72D17}.Release|Any CPU.ActiveCfg = Release|Any CPU
		{7294B756-DC95-44CF-B9FA-521114F72D17}.Release|Any CPU.Build.0 = Release|Any CPU
		{86A2A980-4FE3-4A44-8F58-8D24DDB4A6E5}.Debug|Any CPU.ActiveCfg = Debug|Any CPU
		{86A2A980-4FE3-4A44-8F58-8D24DDB4A6E5}.Debug|Any CPU.Build.0 = Debug|Any CPU
		{86A2A980-4FE3-4A44-8F58-8D24DDB4A6E5}.Release|Any CPU.ActiveCfg = Release|Any CPU
		{86A2A980-4FE3-4A44-8F58-8D24DDB4A6E5}.Release|Any CPU.Build.0 = Release|Any CPU
		{F3492D97-B4D7-434B-AC2E-FDF08D1DE375}.Debug|Any CPU.ActiveCfg = Debug|Any CPU
		{F3492D97-B4D7-434B-AC2E-FDF08D1DE375}.Debug|Any CPU.Build.0 = Debug|Any CPU
		{F3492D97-B4D7-434B-AC2E-FDF08D1DE375}.Release|Any CPU.ActiveCfg = Release|Any CPU
		{F3492D97-B4D7-434B-AC2E-FDF08D1DE375}.Release|Any CPU.Build.0 = Release|Any CPU
		{1397865F-576B-4AEC-BB08-0FAAF0AE8279}.Debug|Any CPU.ActiveCfg = Debug|Any CPU
		{1397865F-576B-4AEC-BB08-0FAAF0AE8279}.Debug|Any CPU.Build.0 = Debug|Any CPU
		{1397865F-576B-4AEC-BB08-0FAAF0AE8279}.Release|Any CPU.ActiveCfg = Release|Any CPU
		{1397865F-576B-4AEC-BB08-0FAAF0AE8279}.Release|Any CPU.Build.0 = Release|Any CPU
	EndGlobalSection
	GlobalSection(SolutionProperties) = preSolution
		HideSolutionNode = FALSE
	EndGlobalSection
EndGlobal
